
Microsoft Visual Studio Solution File, Format Version 12.00
# Visual Studio 14
VisualStudioVersion = 14.0.23107.0
MinimumVisualStudioVersion = 10.0.40219.1
Project("{FAE04EC0-301F-11D3-BF4B-00C04F79EFBC}") = "ServiceLayer", "ServiceLayer\ServiceLayer.csproj", "{812595CD-943C-4794-A79B-87C15315D1DB}"
EndProject
Project("{FAE04EC0-301F-11D3-BF4B-00C04F79EFBC}") = "ConsoleUI", "ConsoleUI\ConsoleUI.csproj", "{9248E0B4-5111-4337-A11D-23F14A994B62}"
	ProjectSection(ProjectDependencies) = postProject
		{812595CD-943C-4794-A79B-87C15315D1DB} = {812595CD-943C-4794-A79B-87C15315D1DB}
	EndProjectSection
EndProject
Project("{FAE04EC0-301F-11D3-BF4B-00C04F79EFBC}") = "DataAccessLayer", "DataAccessLayer\DataAccessLayer.csproj", "{75896C86-ABBC-4091-8B29-A535D0C9E7EB}"
EndProject
Global
	GlobalSection(SolutionConfigurationPlatforms) = preSolution
		Debug|Any CPU = Debug|Any CPU
		Release|Any CPU = Release|Any CPU
	EndGlobalSection
	GlobalSection(ProjectConfigurationPlatforms) = postSolution
		{812595CD-943C-4794-A79B-87C15315D1DB}.Debug|Any CPU.ActiveCfg = Debug|Any CPU
		{812595CD-943C-4794-A79B-87C15315D1DB}.Debug|Any CPU.Build.0 = Debug|Any CPU
		{812595CD-943C-4794-A79B-87C15315D1DB}.Release|Any CPU.ActiveCfg = Release|Any CPU
		{812595CD-943C-4794-A79B-87C15315D1DB}.Release|Any CPU.Build.0 = Release|Any CPU
		{9248E0B4-5111-4337-A11D-23F14A994B62}.Debug|Any CPU.ActiveCfg = Debug|Any CPU
		{9248E0B4-5111-4337-A11D-23F14A994B62}.Debug|Any CPU.Build.0 = Debug|Any CPU
		{9248E0B4-5111-4337-A11D-23F14A994B62}.Release|Any CPU.ActiveCfg = Release|Any CPU
		{9248E0B4-5111-4337-A11D-23F14A994B62}.Release|Any CPU.Build.0 = Release|Any CPU
		{75896C86-ABBC-4091-8B29-A535D0C9E7EB}.Debug|Any CPU.ActiveCfg = Debug|Any CPU
		{75896C86-ABBC-4091-8B29-A535D0C9E7EB}.Debug|Any CPU.Build.0 = Debug|Any CPU
		{75896C86-ABBC-4091-8B29-A535D0C9E7EB}.Release|Any CPU.ActiveCfg = Release|Any CPU
		{75896C86-ABBC-4091-8B29-A535D0C9E7EB}.Release|Any CPU.Build.0 = Release|Any CPU
	EndGlobalSection
	GlobalSection(SolutionProperties) = preSolution
		HideSolutionNode = FALSE
	EndGlobalSection
EndGlobal
